
Microsoft Visual Studio Solution File, Format Version 12.00
# Visual Studio 15
VisualStudioVersion = 15.0.28307.421
MinimumVisualStudioVersion = 10.0.40219.1
Project("{FAE04EC0-301F-11D3-BF4B-00C04F79EFBC}") = "AdvicentTakeHome", "AdvicentTakeHome\AdvicentTakeHome.csproj", "{BBA9148B-C22F-423E-B585-E4C2CE264EF6}"
EndProject
Global
	GlobalSection(SolutionConfigurationPlatforms) = preSolution
		Debug|Any CPU = Debug|Any CPU
		Release|Any CPU = Release|Any CPU
	EndGlobalSection
	GlobalSection(ProjectConfigurationPlatforms) = postSolution
		{BBA9148B-C22F-423E-B585-E4C2CE264EF6}.Debug|Any CPU.ActiveCfg = Debug|Any CPU
		{BBA9148B-C22F-423E-B585-E4C2CE264EF6}.Debug|Any CPU.Build.0 = Debug|Any CPU
		{BBA9148B-C22F-423E-B585-E4C2CE264EF6}.Release|Any CPU.ActiveCfg = Release|Any CPU
		{BBA9148B-C22F-423E-B585-E4C2CE264EF6}.Release|Any CPU.Build.0 = Release|Any CPU
	EndGlobalSection
	GlobalSection(SolutionProperties) = preSolution
		HideSolutionNode = FALSE
	EndGlobalSection
	GlobalSection(ExtensibilityGlobals) = postSolution
		SolutionGuid = {197D8233-C83A-4DC2-A5E2-CDAE9D679E0C}
	EndGlobalSection
EndGlobal
